// !$*UTF8*$!
{
	archiveVersion = 1;
	classes = {
	};
	objectVersion = 51;
	objects = {

/* Begin PBXBuildFile section */
		17D127419FAB6ED4EAFE38DD /* Pods_FBUInstagramTests.framework in Frameworks */ = {isa = PBXBuildFile; fileRef = 75EE704C149A6876E259DFEA /* Pods_FBUInstagramTests.framework */; };
		7351DDA4D9503117673CE55D /* Pods_FBUInstagram_FBUInstagramUITests.framework in Frameworks */ = {isa = PBXBuildFile; fileRef = F18A1383D412C93BC77D4BF8 /* Pods_FBUInstagram_FBUInstagramUITests.framework */; };
		AA77417626979821009DAB64 /* ProfileViewController.m in Sources */ = {isa = PBXBuildFile; fileRef = AA77417526979821009DAB64 /* ProfileViewController.m */; };
		AA77417C26979CB1009DAB64 /* ProfileView.m in Sources */ = {isa = PBXBuildFile; fileRef = AA77417B26979CB1009DAB64 /* ProfileView.m */; };
		AA7741C02698D1DE009DAB64 /* PostGridCell.m in Sources */ = {isa = PBXBuildFile; fileRef = AA7741BF2698D1DE009DAB64 /* PostGridCell.m */; };
		AAC464722694E77C001C5719 /* AppDelegate.m in Sources */ = {isa = PBXBuildFile; fileRef = AAC464712694E77C001C5719 /* AppDelegate.m */; };
		AAC464752694E77C001C5719 /* SceneDelegate.m in Sources */ = {isa = PBXBuildFile; fileRef = AAC464742694E77C001C5719 /* SceneDelegate.m */; };
		AAC4647B2694E77C001C5719 /* Main.storyboard in Resources */ = {isa = PBXBuildFile; fileRef = AAC464792694E77C001C5719 /* Main.storyboard */; };
		AAC4647D2694E77F001C5719 /* Assets.xcassets in Resources */ = {isa = PBXBuildFile; fileRef = AAC4647C2694E77F001C5719 /* Assets.xcassets */; };
		AAC464802694E77F001C5719 /* LaunchScreen.storyboard in Resources */ = {isa = PBXBuildFile; fileRef = AAC4647E2694E77F001C5719 /* LaunchScreen.storyboard */; };
		AAC464832694E77F001C5719 /* main.m in Sources */ = {isa = PBXBuildFile; fileRef = AAC464822694E77F001C5719 /* main.m */; };
		AAC4648D2694E77F001C5719 /* FBUInstagramTests.m in Sources */ = {isa = PBXBuildFile; fileRef = AAC4648C2694E77F001C5719 /* FBUInstagramTests.m */; };
		AAC464982694E77F001C5719 /* FBUInstagramUITests.m in Sources */ = {isa = PBXBuildFile; fileRef = AAC464972694E77F001C5719 /* FBUInstagramUITests.m */; };
		AAC464A72694F022001C5719 /* LoginViewController.m in Sources */ = {isa = PBXBuildFile; fileRef = AAC464A62694F022001C5719 /* LoginViewController.m */; };
		AAC464AA2694F3BF001C5719 /* FeedViewController.m in Sources */ = {isa = PBXBuildFile; fileRef = AAC464A92694F3BF001C5719 /* FeedViewController.m */; };
		AAC464AD2694F987001C5719 /* ComposeViewController.m in Sources */ = {isa = PBXBuildFile; fileRef = AAC464AC2694F987001C5719 /* ComposeViewController.m */; };
		AAC464B326950132001C5719 /* Post.m in Sources */ = {isa = PBXBuildFile; fileRef = AAC464B226950132001C5719 /* Post.m */; };
		AAC464B626952118001C5719 /* PostCell.m in Sources */ = {isa = PBXBuildFile; fileRef = AAC464B526952118001C5719 /* PostCell.m */; };
		AAD5957A2696367500A58F63 /* DetailsViewController.m in Sources */ = {isa = PBXBuildFile; fileRef = AAD595792696367500A58F63 /* DetailsViewController.m */; };
		C548FE8CDBF253CFFC81CFF7 /* Pods_FBUInstagram.framework in Frameworks */ = {isa = PBXBuildFile; fileRef = E30224F39DBEB47E91E1A619 /* Pods_FBUInstagram.framework */; };
/* End PBXBuildFile section */

/* Begin PBXContainerItemProxy section */
		AAC464892694E77F001C5719 /* PBXContainerItemProxy */ = {
			isa = PBXContainerItemProxy;
			containerPortal = AAC464652694E77C001C5719 /* Project object */;
			proxyType = 1;
			remoteGlobalIDString = AAC4646C2694E77C001C5719;
			remoteInfo = FBUInstagram;
		};
		AAC464942694E77F001C5719 /* PBXContainerItemProxy */ = {
			isa = PBXContainerItemProxy;
			containerPortal = AAC464652694E77C001C5719 /* Project object */;
			proxyType = 1;
			remoteGlobalIDString = AAC4646C2694E77C001C5719;
			remoteInfo = FBUInstagram;
		};
/* End PBXContainerItemProxy section */

/* Begin PBXFileReference section */
		444B58BEBD8602159BA37FB4 /* Pods-FBUInstagramTests.debug.xcconfig */ = {isa = PBXFileReference; includeInIndex = 1; lastKnownFileType = text.xcconfig; name = "Pods-FBUInstagramTests.debug.xcconfig"; path = "Target Support Files/Pods-FBUInstagramTests/Pods-FBUInstagramTests.debug.xcconfig"; sourceTree = "<group>"; };
		75EE704C149A6876E259DFEA /* Pods_FBUInstagramTests.framework */ = {isa = PBXFileReference; explicitFileType = wrapper.framework; includeInIndex = 0; path = Pods_FBUInstagramTests.framework; sourceTree = BUILT_PRODUCTS_DIR; };
		781D5851BC8BAA5828BA92B0 /* Pods-FBUInstagram-FBUInstagramUITests.debug.xcconfig */ = {isa = PBXFileReference; includeInIndex = 1; lastKnownFileType = text.xcconfig; name = "Pods-FBUInstagram-FBUInstagramUITests.debug.xcconfig"; path = "Target Support Files/Pods-FBUInstagram-FBUInstagramUITests/Pods-FBUInstagram-FBUInstagramUITests.debug.xcconfig"; sourceTree = "<group>"; };
		858FC96D389A7C85AB8FA30C /* Pods-FBUInstagram.release.xcconfig */ = {isa = PBXFileReference; includeInIndex = 1; lastKnownFileType = text.xcconfig; name = "Pods-FBUInstagram.release.xcconfig"; path = "Target Support Files/Pods-FBUInstagram/Pods-FBUInstagram.release.xcconfig"; sourceTree = "<group>"; };
		8EACED20F5B510FA22D37D93 /* Pods-FBUInstagram.debug.xcconfig */ = {isa = PBXFileReference; includeInIndex = 1; lastKnownFileType = text.xcconfig; name = "Pods-FBUInstagram.debug.xcconfig"; path = "Target Support Files/Pods-FBUInstagram/Pods-FBUInstagram.debug.xcconfig"; sourceTree = "<group>"; };
		AA77417426979821009DAB64 /* ProfileViewController.h */ = {isa = PBXFileReference; lastKnownFileType = sourcecode.c.h; path = ProfileViewController.h; sourceTree = "<group>"; };
		AA77417526979821009DAB64 /* ProfileViewController.m */ = {isa = PBXFileReference; lastKnownFileType = sourcecode.c.objc; path = ProfileViewController.m; sourceTree = "<group>"; };
		AA77417A26979CB1009DAB64 /* ProfileView.h */ = {isa = PBXFileReference; lastKnownFileType = sourcecode.c.h; path = ProfileView.h; sourceTree = "<group>"; };
		AA77417B26979CB1009DAB64 /* ProfileView.m */ = {isa = PBXFileReference; lastKnownFileType = sourcecode.c.objc; path = ProfileView.m; sourceTree = "<group>"; };
		AA7741BE2698D1DE009DAB64 /* PostGridCell.h */ = {isa = PBXFileReference; lastKnownFileType = sourcecode.c.h; path = PostGridCell.h; sourceTree = "<group>"; };
		AA7741BF2698D1DE009DAB64 /* PostGridCell.m */ = {isa = PBXFileReference; lastKnownFileType = sourcecode.c.objc; path = PostGridCell.m; sourceTree = "<group>"; };
		AAC4646D2694E77C001C5719 /* FBUInstagram.app */ = {isa = PBXFileReference; explicitFileType = wrapper.application; includeInIndex = 0; path = FBUInstagram.app; sourceTree = BUILT_PRODUCTS_DIR; };
		AAC464702694E77C001C5719 /* AppDelegate.h */ = {isa = PBXFileReference; lastKnownFileType = sourcecode.c.h; path = AppDelegate.h; sourceTree = "<group>"; };
		AAC464712694E77C001C5719 /* AppDelegate.m */ = {isa = PBXFileReference; lastKnownFileType = sourcecode.c.objc; path = AppDelegate.m; sourceTree = "<group>"; };
		AAC464732694E77C001C5719 /* SceneDelegate.h */ = {isa = PBXFileReference; lastKnownFileType = sourcecode.c.h; path = SceneDelegate.h; sourceTree = "<group>"; };
		AAC464742694E77C001C5719 /* SceneDelegate.m */ = {isa = PBXFileReference; lastKnownFileType = sourcecode.c.objc; path = SceneDelegate.m; sourceTree = "<group>"; };
		AAC4647A2694E77C001C5719 /* Base */ = {isa = PBXFileReference; lastKnownFileType = file.storyboard; name = Base; path = Base.lproj/Main.storyboard; sourceTree = "<group>"; };
		AAC4647C2694E77F001C5719 /* Assets.xcassets */ = {isa = PBXFileReference; lastKnownFileType = folder.assetcatalog; path = Assets.xcassets; sourceTree = "<group>"; };
		AAC4647F2694E77F001C5719 /* Base */ = {isa = PBXFileReference; lastKnownFileType = file.storyboard; name = Base; path = Base.lproj/LaunchScreen.storyboard; sourceTree = "<group>"; };
		AAC464812694E77F001C5719 /* Info.plist */ = {isa = PBXFileReference; lastKnownFileType = text.plist.xml; path = Info.plist; sourceTree = "<group>"; };
		AAC464822694E77F001C5719 /* main.m */ = {isa = PBXFileReference; lastKnownFileType = sourcecode.c.objc; path = main.m; sourceTree = "<group>"; };
		AAC464882694E77F001C5719 /* FBUInstagramTests.xctest */ = {isa = PBXFileReference; explicitFileType = wrapper.cfbundle; includeInIndex = 0; path = FBUInstagramTests.xctest; sourceTree = BUILT_PRODUCTS_DIR; };
		AAC4648C2694E77F001C5719 /* FBUInstagramTests.m */ = {isa = PBXFileReference; lastKnownFileType = sourcecode.c.objc; path = FBUInstagramTests.m; sourceTree = "<group>"; };
		AAC4648E2694E77F001C5719 /* Info.plist */ = {isa = PBXFileReference; lastKnownFileType = text.plist.xml; path = Info.plist; sourceTree = "<group>"; };
		AAC464932694E77F001C5719 /* FBUInstagramUITests.xctest */ = {isa = PBXFileReference; explicitFileType = wrapper.cfbundle; includeInIndex = 0; path = FBUInstagramUITests.xctest; sourceTree = BUILT_PRODUCTS_DIR; };
		AAC464972694E77F001C5719 /* FBUInstagramUITests.m */ = {isa = PBXFileReference; lastKnownFileType = sourcecode.c.objc; path = FBUInstagramUITests.m; sourceTree = "<group>"; };
		AAC464992694E77F001C5719 /* Info.plist */ = {isa = PBXFileReference; lastKnownFileType = text.plist.xml; path = Info.plist; sourceTree = "<group>"; };
		AAC464A52694F022001C5719 /* LoginViewController.h */ = {isa = PBXFileReference; lastKnownFileType = sourcecode.c.h; path = LoginViewController.h; sourceTree = "<group>"; };
		AAC464A62694F022001C5719 /* LoginViewController.m */ = {isa = PBXFileReference; lastKnownFileType = sourcecode.c.objc; path = LoginViewController.m; sourceTree = "<group>"; };
		AAC464A82694F3BF001C5719 /* FeedViewController.h */ = {isa = PBXFileReference; lastKnownFileType = sourcecode.c.h; path = FeedViewController.h; sourceTree = "<group>"; };
		AAC464A92694F3BF001C5719 /* FeedViewController.m */ = {isa = PBXFileReference; lastKnownFileType = sourcecode.c.objc; path = FeedViewController.m; sourceTree = "<group>"; };
		AAC464AB2694F987001C5719 /* ComposeViewController.h */ = {isa = PBXFileReference; lastKnownFileType = sourcecode.c.h; path = ComposeViewController.h; sourceTree = "<group>"; };
		AAC464AC2694F987001C5719 /* ComposeViewController.m */ = {isa = PBXFileReference; lastKnownFileType = sourcecode.c.objc; path = ComposeViewController.m; sourceTree = "<group>"; };
		AAC464B126950132001C5719 /* Post.h */ = {isa = PBXFileReference; lastKnownFileType = sourcecode.c.h; path = Post.h; sourceTree = "<group>"; };
		AAC464B226950132001C5719 /* Post.m */ = {isa = PBXFileReference; lastKnownFileType = sourcecode.c.objc; path = Post.m; sourceTree = "<group>"; };
		AAC464B426952118001C5719 /* PostCell.h */ = {isa = PBXFileReference; lastKnownFileType = sourcecode.c.h; path = PostCell.h; sourceTree = "<group>"; };
		AAC464B526952118001C5719 /* PostCell.m */ = {isa = PBXFileReference; lastKnownFileType = sourcecode.c.objc; path = PostCell.m; sourceTree = "<group>"; };
		AAD595782696367500A58F63 /* DetailsViewController.h */ = {isa = PBXFileReference; lastKnownFileType = sourcecode.c.h; path = DetailsViewController.h; sourceTree = "<group>"; };
		AAD595792696367500A58F63 /* DetailsViewController.m */ = {isa = PBXFileReference; lastKnownFileType = sourcecode.c.objc; path = DetailsViewController.m; sourceTree = "<group>"; };
		D11D3FEC72BECFCAE0550813 /* Pods-FBUInstagramTests.release.xcconfig */ = {isa = PBXFileReference; includeInIndex = 1; lastKnownFileType = text.xcconfig; name = "Pods-FBUInstagramTests.release.xcconfig"; path = "Target Support Files/Pods-FBUInstagramTests/Pods-FBUInstagramTests.release.xcconfig"; sourceTree = "<group>"; };
		E30224F39DBEB47E91E1A619 /* Pods_FBUInstagram.framework */ = {isa = PBXFileReference; explicitFileType = wrapper.framework; includeInIndex = 0; path = Pods_FBUInstagram.framework; sourceTree = BUILT_PRODUCTS_DIR; };
		F18A1383D412C93BC77D4BF8 /* Pods_FBUInstagram_FBUInstagramUITests.framework */ = {isa = PBXFileReference; explicitFileType = wrapper.framework; includeInIndex = 0; path = Pods_FBUInstagram_FBUInstagramUITests.framework; sourceTree = BUILT_PRODUCTS_DIR; };
		FBEF09280E4C92D31B2B6A50 /* Pods-FBUInstagram-FBUInstagramUITests.release.xcconfig */ = {isa = PBXFileReference; includeInIndex = 1; lastKnownFileType = text.xcconfig; name = "Pods-FBUInstagram-FBUInstagramUITests.release.xcconfig"; path = "Target Support Files/Pods-FBUInstagram-FBUInstagramUITests/Pods-FBUInstagram-FBUInstagramUITests.release.xcconfig"; sourceTree = "<group>"; };
/* End PBXFileReference section */

/* Begin PBXFrameworksBuildPhase section */
		AAC4646A2694E77C001C5719 /* Frameworks */ = {
			isa = PBXFrameworksBuildPhase;
			buildActionMask = 2147483647;
			files = (
				C548FE8CDBF253CFFC81CFF7 /* Pods_FBUInstagram.framework in Frameworks */,
			);
			runOnlyForDeploymentPostprocessing = 0;
		};
		AAC464852694E77F001C5719 /* Frameworks */ = {
			isa = PBXFrameworksBuildPhase;
			buildActionMask = 2147483647;
			files = (
				17D127419FAB6ED4EAFE38DD /* Pods_FBUInstagramTests.framework in Frameworks */,
			);
			runOnlyForDeploymentPostprocessing = 0;
		};
		AAC464902694E77F001C5719 /* Frameworks */ = {
			isa = PBXFrameworksBuildPhase;
			buildActionMask = 2147483647;
			files = (
				7351DDA4D9503117673CE55D /* Pods_FBUInstagram_FBUInstagramUITests.framework in Frameworks */,
			);
			runOnlyForDeploymentPostprocessing = 0;
		};
/* End PBXFrameworksBuildPhase section */

/* Begin PBXGroup section */
		6D2BDC0CC0CA42DC0F7F0990 /* Pods */ = {
			isa = PBXGroup;
			children = (
				8EACED20F5B510FA22D37D93 /* Pods-FBUInstagram.debug.xcconfig */,
				858FC96D389A7C85AB8FA30C /* Pods-FBUInstagram.release.xcconfig */,
				781D5851BC8BAA5828BA92B0 /* Pods-FBUInstagram-FBUInstagramUITests.debug.xcconfig */,
				FBEF09280E4C92D31B2B6A50 /* Pods-FBUInstagram-FBUInstagramUITests.release.xcconfig */,
				444B58BEBD8602159BA37FB4 /* Pods-FBUInstagramTests.debug.xcconfig */,
				D11D3FEC72BECFCAE0550813 /* Pods-FBUInstagramTests.release.xcconfig */,
			);
			path = Pods;
			sourceTree = "<group>";
		};
		A0ED4764BD2BC686676AC674 /* Frameworks */ = {
			isa = PBXGroup;
			children = (
				E30224F39DBEB47E91E1A619 /* Pods_FBUInstagram.framework */,
				F18A1383D412C93BC77D4BF8 /* Pods_FBUInstagram_FBUInstagramUITests.framework */,
				75EE704C149A6876E259DFEA /* Pods_FBUInstagramTests.framework */,
			);
			name = Frameworks;
			sourceTree = "<group>";
		};
		AA77417926979C82009DAB64 /* Views */ = {
			isa = PBXGroup;
			children = (
				AAC464B426952118001C5719 /* PostCell.h */,
				AAC464B526952118001C5719 /* PostCell.m */,
				AA7741BE2698D1DE009DAB64 /* PostGridCell.h */,
				AA7741BF2698D1DE009DAB64 /* PostGridCell.m */,
				AA77417A26979CB1009DAB64 /* ProfileView.h */,
				AA77417B26979CB1009DAB64 /* ProfileView.m */,
			);
			path = Views;
			sourceTree = "<group>";
		};
		AAC464642694E77C001C5719 = {
			isa = PBXGroup;
			children = (
				AAC4646F2694E77C001C5719 /* FBUInstagram */,
				AAC4648B2694E77F001C5719 /* FBUInstagramTests */,
				AAC464962694E77F001C5719 /* FBUInstagramUITests */,
				AAC4646E2694E77C001C5719 /* Products */,
				6D2BDC0CC0CA42DC0F7F0990 /* Pods */,
				A0ED4764BD2BC686676AC674 /* Frameworks */,
			);
			sourceTree = "<group>";
		};
		AAC4646E2694E77C001C5719 /* Products */ = {
			isa = PBXGroup;
			children = (
				AAC4646D2694E77C001C5719 /* FBUInstagram.app */,
				AAC464882694E77F001C5719 /* FBUInstagramTests.xctest */,
				AAC464932694E77F001C5719 /* FBUInstagramUITests.xctest */,
			);
			name = Products;
			sourceTree = "<group>";
		};
		AAC4646F2694E77C001C5719 /* FBUInstagram */ = {
			isa = PBXGroup;
			children = (
				AA77417926979C82009DAB64 /* Views */,
				AAC464B0269500B3001C5719 /* Models */,
				AAC464AF26950071001C5719 /* ViewControllers */,
				AAC464702694E77C001C5719 /* AppDelegate.h */,
				AAC464712694E77C001C5719 /* AppDelegate.m */,
				AAC464732694E77C001C5719 /* SceneDelegate.h */,
				AAC464742694E77C001C5719 /* SceneDelegate.m */,
				AAC464792694E77C001C5719 /* Main.storyboard */,
				AAC4647C2694E77F001C5719 /* Assets.xcassets */,
				AAC4647E2694E77F001C5719 /* LaunchScreen.storyboard */,
				AAC464812694E77F001C5719 /* Info.plist */,
				AAC464822694E77F001C5719 /* main.m */,
			);
			path = FBUInstagram;
			sourceTree = "<group>";
		};
		AAC4648B2694E77F001C5719 /* FBUInstagramTests */ = {
			isa = PBXGroup;
			children = (
				AAC4648C2694E77F001C5719 /* FBUInstagramTests.m */,
				AAC4648E2694E77F001C5719 /* Info.plist */,
			);
			path = FBUInstagramTests;
			sourceTree = "<group>";
		};
		AAC464962694E77F001C5719 /* FBUInstagramUITests */ = {
			isa = PBXGroup;
			children = (
				AAC464972694E77F001C5719 /* FBUInstagramUITests.m */,
				AAC464992694E77F001C5719 /* Info.plist */,
			);
			path = FBUInstagramUITests;
			sourceTree = "<group>";
		};
		AAC464AF26950071001C5719 /* ViewControllers */ = {
			isa = PBXGroup;
			children = (
				AAC464AC2694F987001C5719 /* ComposeViewController.m */,
				AAC464AB2694F987001C5719 /* ComposeViewController.h */,
				AAC464A52694F022001C5719 /* LoginViewController.h */,
				AAC464A62694F022001C5719 /* LoginViewController.m */,
				AAC464A92694F3BF001C5719 /* FeedViewController.m */,
				AAC464A82694F3BF001C5719 /* FeedViewController.h */,
				AAD595782696367500A58F63 /* DetailsViewController.h */,
				AAD595792696367500A58F63 /* DetailsViewController.m */,
				AA77417426979821009DAB64 /* ProfileViewController.h */,
				AA77417526979821009DAB64 /* ProfileViewController.m */,
			);
			path = ViewControllers;
			sourceTree = "<group>";
		};
		AAC464B0269500B3001C5719 /* Models */ = {
			isa = PBXGroup;
			children = (
				AAC464B126950132001C5719 /* Post.h */,
				AAC464B226950132001C5719 /* Post.m */,
			);
			path = Models;
			sourceTree = "<group>";
		};
/* End PBXGroup section */

/* Begin PBXNativeTarget section */
		AAC4646C2694E77C001C5719 /* FBUInstagram */ = {
			isa = PBXNativeTarget;
			buildConfigurationList = AAC4649C2694E77F001C5719 /* Build configuration list for PBXNativeTarget "FBUInstagram" */;
			buildPhases = (
				57D5C62DA846E316A9F56719 /* [CP] Check Pods Manifest.lock */,
				AAC464692694E77C001C5719 /* Sources */,
				AAC4646A2694E77C001C5719 /* Frameworks */,
				AAC4646B2694E77C001C5719 /* Resources */,
				83F2D5F036C2FEDB795494FF /* [CP] Embed Pods Frameworks */,
			);
			buildRules = (
			);
			dependencies = (
			);
			name = FBUInstagram;
			productName = FBUInstagram;
			productReference = AAC4646D2694E77C001C5719 /* FBUInstagram.app */;
			productType = "com.apple.product-type.application";
		};
		AAC464872694E77F001C5719 /* FBUInstagramTests */ = {
			isa = PBXNativeTarget;
			buildConfigurationList = AAC4649F2694E77F001C5719 /* Build configuration list for PBXNativeTarget "FBUInstagramTests" */;
			buildPhases = (
				2B0CE8A39AB66977E24A7B39 /* [CP] Check Pods Manifest.lock */,
				AAC464842694E77F001C5719 /* Sources */,
				AAC464852694E77F001C5719 /* Frameworks */,
				AAC464862694E77F001C5719 /* Resources */,
			);
			buildRules = (
			);
			dependencies = (
				AAC4648A2694E77F001C5719 /* PBXTargetDependency */,
			);
			name = FBUInstagramTests;
			productName = FBUInstagramTests;
			productReference = AAC464882694E77F001C5719 /* FBUInstagramTests.xctest */;
			productType = "com.apple.product-type.bundle.unit-test";
		};
		AAC464922694E77F001C5719 /* FBUInstagramUITests */ = {
			isa = PBXNativeTarget;
			buildConfigurationList = AAC464A22694E77F001C5719 /* Build configuration list for PBXNativeTarget "FBUInstagramUITests" */;
			buildPhases = (
				4B74ACDB75A4BF3C46675E18 /* [CP] Check Pods Manifest.lock */,
				AAC4648F2694E77F001C5719 /* Sources */,
				AAC464902694E77F001C5719 /* Frameworks */,
				AAC464912694E77F001C5719 /* Resources */,
				DDD891BD4E977F67778F5749 /* [CP] Embed Pods Frameworks */,
			);
			buildRules = (
			);
			dependencies = (
				AAC464952694E77F001C5719 /* PBXTargetDependency */,
			);
			name = FBUInstagramUITests;
			productName = FBUInstagramUITests;
			productReference = AAC464932694E77F001C5719 /* FBUInstagramUITests.xctest */;
			productType = "com.apple.product-type.bundle.ui-testing";
		};
/* End PBXNativeTarget section */

/* Begin PBXProject section */
		AAC464652694E77C001C5719 /* Project object */ = {
			isa = PBXProject;
			attributes = {
				LastUpgradeCheck = 1250;
				TargetAttributes = {
					AAC4646C2694E77C001C5719 = {
						CreatedOnToolsVersion = 12.5.1;
					};
					AAC464872694E77F001C5719 = {
						CreatedOnToolsVersion = 12.5.1;
						TestTargetID = AAC4646C2694E77C001C5719;
					};
					AAC464922694E77F001C5719 = {
						CreatedOnToolsVersion = 12.5.1;
						TestTargetID = AAC4646C2694E77C001C5719;
					};
				};
			};
			buildConfigurationList = AAC464682694E77C001C5719 /* Build configuration list for PBXProject "FBUInstagram" */;
			compatibilityVersion = "Xcode 9.3";
			developmentRegion = en;
			hasScannedForEncodings = 0;
			knownRegions = (
				en,
				Base,
			);
			mainGroup = AAC464642694E77C001C5719;
			productRefGroup = AAC4646E2694E77C001C5719 /* Products */;
			projectDirPath = "";
			projectRoot = "";
			targets = (
				AAC4646C2694E77C001C5719 /* FBUInstagram */,
				AAC464872694E77F001C5719 /* FBUInstagramTests */,
				AAC464922694E77F001C5719 /* FBUInstagramUITests */,
			);
		};
/* End PBXProject section */

/* Begin PBXResourcesBuildPhase section */
		AAC4646B2694E77C001C5719 /* Resources */ = {
			isa = PBXResourcesBuildPhase;
			buildActionMask = 2147483647;
			files = (
				AAC464802694E77F001C5719 /* LaunchScreen.storyboard in Resources */,
				AAC4647D2694E77F001C5719 /* Assets.xcassets in Resources */,
				AAC4647B2694E77C001C5719 /* Main.storyboard in Resources */,
			);
			runOnlyForDeploymentPostprocessing = 0;
		};
		AAC464862694E77F001C5719 /* Resources */ = {
			isa = PBXResourcesBuildPhase;
			buildActionMask = 2147483647;
			files = (
			);
			runOnlyForDeploymentPostprocessing = 0;
		};
		AAC464912694E77F001C5719 /* Resources */ = {
			isa = PBXResourcesBuildPhase;
			buildActionMask = 2147483647;
			files = (
			);
			runOnlyForDeploymentPostprocessing = 0;
		};
/* End PBXResourcesBuildPhase section */

/* Begin PBXShellScriptBuildPhase section */
		2B0CE8A39AB66977E24A7B39 /* [CP] Check Pods Manifest.lock */ = {
			isa = PBXShellScriptBuildPhase;
			buildActionMask = 2147483647;
			files = (
			);
			inputFileListPaths = (
			);
			inputPaths = (
				"${PODS_PODFILE_DIR_PATH}/Podfile.lock",
				"${PODS_ROOT}/Manifest.lock",
			);
			name = "[CP] Check Pods Manifest.lock";
			outputFileListPaths = (
			);
			outputPaths = (
				"$(DERIVED_FILE_DIR)/Pods-FBUInstagramTests-checkManifestLockResult.txt",
			);
			runOnlyForDeploymentPostprocessing = 0;
			shellPath = /bin/sh;
			shellScript = "diff \"${PODS_PODFILE_DIR_PATH}/Podfile.lock\" \"${PODS_ROOT}/Manifest.lock\" > /dev/null\nif [ $? != 0 ] ; then\n    # print error to STDERR\n    echo \"error: The sandbox is not in sync with the Podfile.lock. Run 'pod install' or update your CocoaPods installation.\" >&2\n    exit 1\nfi\n# This output is used by Xcode 'outputs' to avoid re-running this script phase.\necho \"SUCCESS\" > \"${SCRIPT_OUTPUT_FILE_0}\"\n";
			showEnvVarsInLog = 0;
		};
		4B74ACDB75A4BF3C46675E18 /* [CP] Check Pods Manifest.lock */ = {
			isa = PBXShellScriptBuildPhase;
			buildActionMask = 2147483647;
			files = (
			);
			inputFileListPaths = (
			);
			inputPaths = (
				"${PODS_PODFILE_DIR_PATH}/Podfile.lock",
				"${PODS_ROOT}/Manifest.lock",
			);
			name = "[CP] Check Pods Manifest.lock";
			outputFileListPaths = (
			);
			outputPaths = (
				"$(DERIVED_FILE_DIR)/Pods-FBUInstagram-FBUInstagramUITests-checkManifestLockResult.txt",
			);
			runOnlyForDeploymentPostprocessing = 0;
			shellPath = /bin/sh;
			shellScript = "diff \"${PODS_PODFILE_DIR_PATH}/Podfile.lock\" \"${PODS_ROOT}/Manifest.lock\" > /dev/null\nif [ $? != 0 ] ; then\n    # print error to STDERR\n    echo \"error: The sandbox is not in sync with the Podfile.lock. Run 'pod install' or update your CocoaPods installation.\" >&2\n    exit 1\nfi\n# This output is used by Xcode 'outputs' to avoid re-running this script phase.\necho \"SUCCESS\" > \"${SCRIPT_OUTPUT_FILE_0}\"\n";
			showEnvVarsInLog = 0;
		};
		57D5C62DA846E316A9F56719 /* [CP] Check Pods Manifest.lock */ = {
			isa = PBXShellScriptBuildPhase;
			buildActionMask = 2147483647;
			files = (
			);
			inputFileListPaths = (
			);
			inputPaths = (
				"${PODS_PODFILE_DIR_PATH}/Podfile.lock",
				"${PODS_ROOT}/Manifest.lock",
			);
			name = "[CP] Check Pods Manifest.lock";
			outputFileListPaths = (
			);
			outputPaths = (
				"$(DERIVED_FILE_DIR)/Pods-FBUInstagram-checkManifestLockResult.txt",
			);
			runOnlyForDeploymentPostprocessing = 0;
			shellPath = /bin/sh;
			shellScript = "diff \"${PODS_PODFILE_DIR_PATH}/Podfile.lock\" \"${PODS_ROOT}/Manifest.lock\" > /dev/null\nif [ $? != 0 ] ; then\n    # print error to STDERR\n    echo \"error: The sandbox is not in sync with the Podfile.lock. Run 'pod install' or update your CocoaPods installation.\" >&2\n    exit 1\nfi\n# This output is used by Xcode 'outputs' to avoid re-running this script phase.\necho \"SUCCESS\" > \"${SCRIPT_OUTPUT_FILE_0}\"\n";
			showEnvVarsInLog = 0;
		};
		83F2D5F036C2FEDB795494FF /* [CP] Embed Pods Frameworks */ = {
			isa = PBXShellScriptBuildPhase;
			buildActionMask = 2147483647;
			files = (
			);
			inputFileListPaths = (
				"${PODS_ROOT}/Target Support Files/Pods-FBUInstagram/Pods-FBUInstagram-frameworks-${CONFIGURATION}-input-files.xcfilelist",
			);
			name = "[CP] Embed Pods Frameworks";
			outputFileListPaths = (
				"${PODS_ROOT}/Target Support Files/Pods-FBUInstagram/Pods-FBUInstagram-frameworks-${CONFIGURATION}-output-files.xcfilelist",
			);
			runOnlyForDeploymentPostprocessing = 0;
			shellPath = /bin/sh;
			shellScript = "\"${PODS_ROOT}/Target Support Files/Pods-FBUInstagram/Pods-FBUInstagram-frameworks.sh\"\n";
			showEnvVarsInLog = 0;
		};
		DDD891BD4E977F67778F5749 /* [CP] Embed Pods Frameworks */ = {
			isa = PBXShellScriptBuildPhase;
			buildActionMask = 2147483647;
			files = (
			);
			inputFileListPaths = (
				"${PODS_ROOT}/Target Support Files/Pods-FBUInstagram-FBUInstagramUITests/Pods-FBUInstagram-FBUInstagramUITests-frameworks-${CONFIGURATION}-input-files.xcfilelist",
			);
			name = "[CP] Embed Pods Frameworks";
			outputFileListPaths = (
				"${PODS_ROOT}/Target Support Files/Pods-FBUInstagram-FBUInstagramUITests/Pods-FBUInstagram-FBUInstagramUITests-frameworks-${CONFIGURATION}-output-files.xcfilelist",
			);
			runOnlyForDeploymentPostprocessing = 0;
			shellPath = /bin/sh;
			shellScript = "\"${PODS_ROOT}/Target Support Files/Pods-FBUInstagram-FBUInstagramUITests/Pods-FBUInstagram-FBUInstagramUITests-frameworks.sh\"\n";
			showEnvVarsInLog = 0;
		};
/* End PBXShellScriptBuildPhase section */

/* Begin PBXSourcesBuildPhase section */
		AAC464692694E77C001C5719 /* Sources */ = {
			isa = PBXSourcesBuildPhase;
			buildActionMask = 2147483647;
			files = (
				AA77417C26979CB1009DAB64 /* ProfileView.m in Sources */,
				AAC464A72694F022001C5719 /* LoginViewController.m in Sources */,
				AAC464AA2694F3BF001C5719 /* FeedViewController.m in Sources */,
				AAC464722694E77C001C5719 /* AppDelegate.m in Sources */,
				AAC464B626952118001C5719 /* PostCell.m in Sources */,
				AA7741C02698D1DE009DAB64 /* PostGridCell.m in Sources */,
				AA77417626979821009DAB64 /* ProfileViewController.m in Sources */,
				AAC464AD2694F987001C5719 /* ComposeViewController.m in Sources */,
				AAC464832694E77F001C5719 /* main.m in Sources */,
				AAD5957A2696367500A58F63 /* DetailsViewController.m in Sources */,
				AAC464752694E77C001C5719 /* SceneDelegate.m in Sources */,
				AAC464B326950132001C5719 /* Post.m in Sources */,
			);
			runOnlyForDeploymentPostprocessing = 0;
		};
		AAC464842694E77F001C5719 /* Sources */ = {
			isa = PBXSourcesBuildPhase;
			buildActionMask = 2147483647;
			files = (
				AAC4648D2694E77F001C5719 /* FBUInstagramTests.m in Sources */,
			);
			runOnlyForDeploymentPostprocessing = 0;
		};
		AAC4648F2694E77F001C5719 /* Sources */ = {
			isa = PBXSourcesBuildPhase;
			buildActionMask = 2147483647;
			files = (
				AAC464982694E77F001C5719 /* FBUInstagramUITests.m in Sources */,
			);
			runOnlyForDeploymentPostprocessing = 0;
		};
/* End PBXSourcesBuildPhase section */

/* Begin PBXTargetDependency section */
		AAC4648A2694E77F001C5719 /* PBXTargetDependency */ = {
			isa = PBXTargetDependency;
			target = AAC4646C2694E77C001C5719 /* FBUInstagram */;
			targetProxy = AAC464892694E77F001C5719 /* PBXContainerItemProxy */;
		};
		AAC464952694E77F001C5719 /* PBXTargetDependency */ = {
			isa = PBXTargetDependency;
			target = AAC4646C2694E77C001C5719 /* FBUInstagram */;
			targetProxy = AAC464942694E77F001C5719 /* PBXContainerItemProxy */;
		};
/* End PBXTargetDependency section */

/* Begin PBXVariantGroup section */
		AAC464792694E77C001C5719 /* Main.storyboard */ = {
			isa = PBXVariantGroup;
			children = (
				AAC4647A2694E77C001C5719 /* Base */,
			);
			name = Main.storyboard;
			sourceTree = "<group>";
		};
		AAC4647E2694E77F001C5719 /* LaunchScreen.storyboard */ = {
			isa = PBXVariantGroup;
			children = (
				AAC4647F2694E77F001C5719 /* Base */,
			);
			name = LaunchScreen.storyboard;
			sourceTree = "<group>";
		};
/* End PBXVariantGroup section */

/* Begin XCBuildConfiguration section */
		AAC4649A2694E77F001C5719 /* Debug */ = {
			isa = XCBuildConfiguration;
			buildSettings = {
				ALWAYS_SEARCH_USER_PATHS = NO;
				CLANG_ANALYZER_NONNULL = YES;
				CLANG_ANALYZER_NUMBER_OBJECT_CONVERSION = YES_AGGRESSIVE;
				CLANG_CXX_LANGUAGE_STANDARD = "gnu++14";
				CLANG_CXX_LIBRARY = "libc++";
				CLANG_ENABLE_MODULES = YES;
				CLANG_ENABLE_OBJC_ARC = YES;
				CLANG_ENABLE_OBJC_WEAK = YES;
				CLANG_WARN_BLOCK_CAPTURE_AUTORELEASING = YES;
				CLANG_WARN_BOOL_CONVERSION = YES;
				CLANG_WARN_COMMA = YES;
				CLANG_WARN_CONSTANT_CONVERSION = YES;
				CLANG_WARN_DEPRECATED_OBJC_IMPLEMENTATIONS = YES;
				CLANG_WARN_DIRECT_OBJC_ISA_USAGE = YES_ERROR;
				CLANG_WARN_DOCUMENTATION_COMMENTS = YES;
				CLANG_WARN_EMPTY_BODY = YES;
				CLANG_WARN_ENUM_CONVERSION = YES;
				CLANG_WARN_INFINITE_RECURSION = YES;
				CLANG_WARN_INT_CONVERSION = YES;
				CLANG_WARN_NON_LITERAL_NULL_CONVERSION = YES;
				CLANG_WARN_OBJC_IMPLICIT_RETAIN_SELF = YES;
				CLANG_WARN_OBJC_LITERAL_CONVERSION = YES;
				CLANG_WARN_OBJC_ROOT_CLASS = YES_ERROR;
				CLANG_WARN_QUOTED_INCLUDE_IN_FRAMEWORK_HEADER = YES;
				CLANG_WARN_RANGE_LOOP_ANALYSIS = YES;
				CLANG_WARN_STRICT_PROTOTYPES = YES;
				CLANG_WARN_SUSPICIOUS_MOVE = YES;
				CLANG_WARN_UNGUARDED_AVAILABILITY = YES_AGGRESSIVE;
				CLANG_WARN_UNREACHABLE_CODE = YES;
				CLANG_WARN__DUPLICATE_METHOD_MATCH = YES;
				COPY_PHASE_STRIP = NO;
				DEBUG_INFORMATION_FORMAT = dwarf;
				ENABLE_STRICT_OBJC_MSGSEND = YES;
				ENABLE_TESTABILITY = YES;
				GCC_C_LANGUAGE_STANDARD = gnu11;
				GCC_DYNAMIC_NO_PIC = NO;
				GCC_NO_COMMON_BLOCKS = YES;
				GCC_OPTIMIZATION_LEVEL = 0;
				GCC_PREPROCESSOR_DEFINITIONS = (
					"DEBUG=1",
					"$(inherited)",
				);
				GCC_WARN_64_TO_32_BIT_CONVERSION = YES;
				GCC_WARN_ABOUT_RETURN_TYPE = YES_ERROR;
				GCC_WARN_UNDECLARED_SELECTOR = YES;
				GCC_WARN_UNINITIALIZED_AUTOS = YES_AGGRESSIVE;
				GCC_WARN_UNUSED_FUNCTION = YES;
				GCC_WARN_UNUSED_VARIABLE = YES;
				IPHONEOS_DEPLOYMENT_TARGET = 14.5;
				MTL_ENABLE_DEBUG_INFO = INCLUDE_SOURCE;
				MTL_FAST_MATH = YES;
				ONLY_ACTIVE_ARCH = YES;
				SDKROOT = iphoneos;
			};
			name = Debug;
		};
		AAC4649B2694E77F001C5719 /* Release */ = {
			isa = XCBuildConfiguration;
			buildSettings = {
				ALWAYS_SEARCH_USER_PATHS = NO;
				CLANG_ANALYZER_NONNULL = YES;
				CLANG_ANALYZER_NUMBER_OBJECT_CONVERSION = YES_AGGRESSIVE;
				CLANG_CXX_LANGUAGE_STANDARD = "gnu++14";
				CLANG_CXX_LIBRARY = "libc++";
				CLANG_ENABLE_MODULES = YES;
				CLANG_ENABLE_OBJC_ARC = YES;
				CLANG_ENABLE_OBJC_WEAK = YES;
				CLANG_WARN_BLOCK_CAPTURE_AUTORELEASING = YES;
				CLANG_WARN_BOOL_CONVERSION = YES;
				CLANG_WARN_COMMA = YES;
				CLANG_WARN_CONSTANT_CONVERSION = YES;
				CLANG_WARN_DEPRECATED_OBJC_IMPLEMENTATIONS = YES;
				CLANG_WARN_DIRECT_OBJC_ISA_USAGE = YES_ERROR;
				CLANG_WARN_DOCUMENTATION_COMMENTS = YES;
				CLANG_WARN_EMPTY_BODY = YES;
				CLANG_WARN_ENUM_CONVERSION = YES;
				CLANG_WARN_INFINITE_RECURSION = YES;
				CLANG_WARN_INT_CONVERSION = YES;
				CLANG_WARN_NON_LITERAL_NULL_CONVERSION = YES;
				CLANG_WARN_OBJC_IMPLICIT_RETAIN_SELF = YES;
				CLANG_WARN_OBJC_LITERAL_CONVERSION = YES;
				CLANG_WARN_OBJC_ROOT_CLASS = YES_ERROR;
				CLANG_WARN_QUOTED_INCLUDE_IN_FRAMEWORK_HEADER = YES;
				CLANG_WARN_RANGE_LOOP_ANALYSIS = YES;
				CLANG_WARN_STRICT_PROTOTYPES = YES;
				CLANG_WARN_SUSPICIOUS_MOVE = YES;
				CLANG_WARN_UNGUARDED_AVAILABILITY = YES_AGGRESSIVE;
				CLANG_WARN_UNREACHABLE_CODE = YES;
				CLANG_WARN__DUPLICATE_METHOD_MATCH = YES;
				COPY_PHASE_STRIP = NO;
				DEBUG_INFORMATION_FORMAT = "dwarf-with-dsym";
				ENABLE_NS_ASSERTIONS = NO;
				ENABLE_STRICT_OBJC_MSGSEND = YES;
				GCC_C_LANGUAGE_STANDARD = gnu11;
				GCC_NO_COMMON_BLOCKS = YES;
				GCC_WARN_64_TO_32_BIT_CONVERSION = YES;
				GCC_WARN_ABOUT_RETURN_TYPE = YES_ERROR;
				GCC_WARN_UNDECLARED_SELECTOR = YES;
				GCC_WARN_UNINITIALIZED_AUTOS = YES_AGGRESSIVE;
				GCC_WARN_UNUSED_FUNCTION = YES;
				GCC_WARN_UNUSED_VARIABLE = YES;
				IPHONEOS_DEPLOYMENT_TARGET = 14.5;
				MTL_ENABLE_DEBUG_INFO = NO;
				MTL_FAST_MATH = YES;
				SDKROOT = iphoneos;
				VALIDATE_PRODUCT = YES;
			};
			name = Release;
		};
		AAC4649D2694E77F001C5719 /* Debug */ = {
			isa = XCBuildConfiguration;
			baseConfigurationReference = 8EACED20F5B510FA22D37D93 /* Pods-FBUInstagram.debug.xcconfig */;
			buildSettings = {
				ASSETCATALOG_COMPILER_APPICON_NAME = AppIcon;
				ASSETCATALOG_COMPILER_GLOBAL_ACCENT_COLOR_NAME = AccentColor;
				CODE_SIGN_STYLE = Automatic;
				DEVELOPMENT_TEAM = M8SJW5PWA7;
				INFOPLIST_FILE = FBUInstagram/Info.plist;
				LD_RUNPATH_SEARCH_PATHS = (
					"$(inherited)",
					"@executable_path/Frameworks",
				);
				PRODUCT_BUNDLE_IDENTIFIER = com.maryjiang2020.FBUInstagram;
				PRODUCT_NAME = "$(TARGET_NAME)";
				TARGETED_DEVICE_FAMILY = "1,2";
			};
			name = Debug;
		};
		AAC4649E2694E77F001C5719 /* Release */ = {
			isa = XCBuildConfiguration;
			baseConfigurationReference = 858FC96D389A7C85AB8FA30C /* Pods-FBUInstagram.release.xcconfig */;
			buildSettings = {
				ASSETCATALOG_COMPILER_APPICON_NAME = AppIcon;
				ASSETCATALOG_COMPILER_GLOBAL_ACCENT_COLOR_NAME = AccentColor;
				CODE_SIGN_STYLE = Automatic;
				DEVELOPMENT_TEAM = M8SJW5PWA7;
				INFOPLIST_FILE = FBUInstagram/Info.plist;
				LD_RUNPATH_SEARCH_PATHS = (
					"$(inherited)",
					"@executable_path/Frameworks",
				);
				PRODUCT_BUNDLE_IDENTIFIER = com.maryjiang2020.FBUInstagram;
				PRODUCT_NAME = "$(TARGET_NAME)";
				TARGETED_DEVICE_FAMILY = "1,2";
			};
			name = Release;
		};
		AAC464A02694E77F001C5719 /* Debug */ = {
			isa = XCBuildConfiguration;
			baseConfigurationReference = 444B58BEBD8602159BA37FB4 /* Pods-FBUInstagramTests.debug.xcconfig */;
			buildSettings = {
				BUNDLE_LOADER = "$(TEST_HOST)";
				CODE_SIGN_STYLE = Automatic;
				DEVELOPMENT_TEAM = M8SJW5PWA7;
				INFOPLIST_FILE = FBUInstagramTests/Info.plist;
				IPHONEOS_DEPLOYMENT_TARGET = 14.5;
				LD_RUNPATH_SEARCH_PATHS = (
					"$(inherited)",
					"@executable_path/Frameworks",
					"@loader_path/Frameworks",
				);
				PRODUCT_BUNDLE_IDENTIFIER = com.maryjiang2020.FBUInstagramTests;
				PRODUCT_NAME = "$(TARGET_NAME)";
				TARGETED_DEVICE_FAMILY = "1,2";
				TEST_HOST = "$(BUILT_PRODUCTS_DIR)/FBUInstagram.app/FBUInstagram";
			};
			name = Debug;
		};
		AAC464A12694E77F001C5719 /* Release */ = {
			isa = XCBuildConfiguration;
			baseConfigurationReference = D11D3FEC72BECFCAE0550813 /* Pods-FBUInstagramTests.release.xcconfig */;
			buildSettings = {
				BUNDLE_LOADER = "$(TEST_HOST)";
				CODE_SIGN_STYLE = Automatic;
				DEVELOPMENT_TEAM = M8SJW5PWA7;
				INFOPLIST_FILE = FBUInstagramTests/Info.plist;
				IPHONEOS_DEPLOYMENT_TARGET = 14.5;
				LD_RUNPATH_SEARCH_PATHS = (
					"$(inherited)",
					"@executable_path/Frameworks",
					"@loader_path/Frameworks",
				);
				PRODUCT_BUNDLE_IDENTIFIER = com.maryjiang2020.FBUInstagramTests;
				PRODUCT_NAME = "$(TARGET_NAME)";
				TARGETED_DEVICE_FAMILY = "1,2";
				TEST_HOST = "$(BUILT_PRODUCTS_DIR)/FBUInstagram.app/FBUInstagram";
			};
			name = Release;
		};
		AAC464A32694E77F001C5719 /* Debug */ = {
			isa = XCBuildConfiguration;
			baseConfigurationReference = 781D5851BC8BAA5828BA92B0 /* Pods-FBUInstagram-FBUInstagramUITests.debug.xcconfig */;
			buildSettings = {
				CODE_SIGN_STYLE = Automatic;
				DEVELOPMENT_TEAM = M8SJW5PWA7;
				INFOPLIST_FILE = FBUInstagramUITests/Info.plist;
				LD_RUNPATH_SEARCH_PATHS = (
					"$(inherited)",
					"@executable_path/Frameworks",
					"@loader_path/Frameworks",
				);
				PRODUCT_BUNDLE_IDENTIFIER = com.maryjiang2020.FBUInstagramUITests;
				PRODUCT_NAME = "$(TARGET_NAME)";
				TARGETED_DEVICE_FAMILY = "1,2";
				TEST_TARGET_NAME = FBUInstagram;
			};
			name = Debug;
		};
		AAC464A42694E77F001C5719 /* Release */ = {
			isa = XCBuildConfiguration;
			baseConfigurationReference = FBEF09280E4C92D31B2B6A50 /* Pods-FBUInstagram-FBUInstagramUITests.release.xcconfig */;
			buildSettings = {
				CODE_SIGN_STYLE = Automatic;
				DEVELOPMENT_TEAM = M8SJW5PWA7;
				INFOPLIST_FILE = FBUInstagramUITests/Info.plist;
				LD_RUNPATH_SEARCH_PATHS = (
					"$(inherited)",
					"@executable_path/Frameworks",
					"@loader_path/Frameworks",
				);
				PRODUCT_BUNDLE_IDENTIFIER = com.maryjiang2020.FBUInstagramUITests;
				PRODUCT_NAME = "$(TARGET_NAME)";
				TARGETED_DEVICE_FAMILY = "1,2";
				TEST_TARGET_NAME = FBUInstagram;
			};
			name = Release;
		};
/* End XCBuildConfiguration section */

/* Begin XCConfigurationList section */
		AAC464682694E77C001C5719 /* Build configuration list for PBXProject "FBUInstagram" */ = {
			isa = XCConfigurationList;
			buildConfigurations = (
				AAC4649A2694E77F001C5719 /* Debug */,
				AAC4649B2694E77F001C5719 /* Release */,
			);
			defaultConfigurationIsVisible = 0;
			defaultConfigurationName = Release;
		};
		AAC4649C2694E77F001C5719 /* Build configuration list for PBXNativeTarget "FBUInstagram" */ = {
			isa = XCConfigurationList;
			buildConfigurations = (
				AAC4649D2694E77F001C5719 /* Debug */,
				AAC4649E2694E77F001C5719 /* Release */,
			);
			defaultConfigurationIsVisible = 0;
			defaultConfigurationName = Release;
		};
		AAC4649F2694E77F001C5719 /* Build configuration list for PBXNativeTarget "FBUInstagramTests" */ = {
			isa = XCConfigurationList;
			buildConfigurations = (
				AAC464A02694E77F001C5719 /* Debug */,
				AAC464A12694E77F001C5719 /* Release */,
			);
			defaultConfigurationIsVisible = 0;
			defaultConfigurationName = Release;
		};
		AAC464A22694E77F001C5719 /* Build configuration list for PBXNativeTarget "FBUInstagramUITests" */ = {
			isa = XCConfigurationList;
			buildConfigurations = (
				AAC464A32694E77F001C5719 /* Debug */,
				AAC464A42694E77F001C5719 /* Release */,
			);
			defaultConfigurationIsVisible = 0;
			defaultConfigurationName = Release;
		};
/* End XCConfigurationList section */
	};
	rootObject = AAC464652694E77C001C5719 /* Project object */;
}
